
Microsoft Visual Studio Solution File, Format Version 12.00
# Visual Studio Version 17
VisualStudioVersion = 17.14.36429.23 d17.14
MinimumVisualStudioVersion = 10.0.40219.1
Project("{FAE04EC0-301F-11D3-BF4B-00C04F79EFBC}") = "Proyect_Sencom_Form", "Proyect_Sencom_Form.csproj", "{082AFCDE-B8E5-47BD-B50C-982FBEEECFC9}"
EndProject
Global
	GlobalSection(SolutionConfigurationPlatforms) = preSolution
		Debug|Any CPU = Debug|Any CPU
		Release|Any CPU = Release|Any CPU
	EndGlobalSection
	GlobalSection(ProjectConfigurationPlatforms) = postSolution
		{082AFCDE-B8E5-47BD-B50C-982FBEEECFC9}.Debug|Any CPU.ActiveCfg = Debug|Any CPU
		{082AFCDE-B8E5-47BD-B50C-982FBEEECFC9}.Debug|Any CPU.Build.0 = Debug|Any CPU
		{082AFCDE-B8E5-47BD-B50C-982FBEEECFC9}.Release|Any CPU.ActiveCfg = Release|Any CPU
		{082AFCDE-B8E5-47BD-B50C-982FBEEECFC9}.Release|Any CPU.Build.0 = Release|Any CPU
	EndGlobalSection
	GlobalSection(SolutionProperties) = preSolution
		HideSolutionNode = FALSE
	EndGlobalSection
	GlobalSection(ExtensibilityGlobals) = postSolution
		SolutionGuid = {F4710EF9-4E08-4A6A-ABE1-4EF29E1447D9}
	EndGlobalSection
EndGlobal
